# This file is automatically @generated by Cargo.
# It is not intended for manual editing.
version = 4

[[package]]
name = "client"
version = "0.1.0"
dependencies = [
 "dusk-sys",
]

[[package]]
name = "dusk"
version = "0.1.0"
dependencies = [
 "limine",
]

[[package]]
name = "dusk-sys"
version = "0.1.0"

[[package]]
name = "echo"
version = "0.1.0"
dependencies = [
 "dusk-sys",
]

[[package]]
name = "limine"
version = "0.6.5"
source = "registry+https://github.com/rust-lang/crates.io-index"
checksum = "29363c0f37e66e18575fadf7141c56ee7ea04ae5fecbeb25eff303f77af203a9"

[[package]]
name = "omega3"
version = "0.1.0"
dependencies = [
 "dusk-sys",
]
